
Microsoft Visual Studio Solution File, Format Version 12.00
# Visual Studio Version 17
VisualStudioVersion = 17.14.36804.6
MinimumVisualStudioVersion = 10.0.40219.1
Project("{FAE04EC0-301F-11D3-BF4B-00C04F79EFBC}") = "WpfApp43", "WpfApp43\WpfApp43.csproj", "{4C7BD1A4-C881-4C8C-8AB5-C59FEF707216}"
EndProject
Global
	GlobalSection(SolutionConfigurationPlatforms) = preSolution
		Debug|Any CPU = Debug|Any CPU
		Debug|x64 = Debug|x64
		Release|Any CPU = Release|Any CPU
		Release|x64 = Release|x64
	EndGlobalSection
	GlobalSection(ProjectConfigurationPlatforms) = postSolution
		{4C7BD1A4-C881-4C8C-8AB5-C59FEF707216}.Debug|Any CPU.ActiveCfg = Debug|Any CPU
		{4C7BD1A4-C881-4C8C-8AB5-C59FEF707216}.Debug|Any CPU.Build.0 = Debug|Any CPU
		{4C7BD1A4-C881-4C8C-8AB5-C59FEF707216}.Debug|x64.ActiveCfg = Debug|x64
		{4C7BD1A4-C881-4C8C-8AB5-C59FEF707216}.Debug|x64.Build.0 = Debug|x64
		{4C7BD1A4-C881-4C8C-8AB5-C59FEF707216}.Release|Any CPU.ActiveCfg = Release|Any CPU
		{4C7BD1A4-C881-4C8C-8AB5-C59FEF707216}.Release|Any CPU.Build.0 = Release|Any CPU
		{4C7BD1A4-C881-4C8C-8AB5-C59FEF707216}.Release|x64.ActiveCfg = Release|x64
		{4C7BD1A4-C881-4C8C-8AB5-C59FEF707216}.Release|x64.Build.0 = Release|x64
	EndGlobalSection
	GlobalSection(SolutionProperties) = preSolution
		HideSolutionNode = FALSE
	EndGlobalSection
	GlobalSection(ExtensibilityGlobals) = postSolution
		SolutionGuid = {1CCD7A50-AACF-436E-B6D9-6CFE6B5BDE1F}
	EndGlobalSection
EndGlobal
